// !$*UTF8*$!
{
	archiveVersion = 1;
	classes = {
	};
	objectVersion = 46;
	objects = {

/* Begin PBXBuildFile section */
		530BECF419904C7700C5FDAB /* Foundation.framework in Frameworks */ = {isa = PBXBuildFile; fileRef = 530BECF319904C7700C5FDAB /* Foundation.framework */; };
		530BECF619904C7700C5FDAB /* CoreGraphics.framework in Frameworks */ = {isa = PBXBuildFile; fileRef = 530BECF519904C7700C5FDAB /* CoreGraphics.framework */; };
		530BECF819904C7700C5FDAB /* UIKit.framework in Frameworks */ = {isa = PBXBuildFile; fileRef = 530BECF719904C7700C5FDAB /* UIKit.framework */; };
		530BECFE19904C7700C5FDAB /* InfoPlist.strings in Resources */ = {isa = PBXBuildFile; fileRef = 530BECFC19904C7700C5FDAB /* InfoPlist.strings */; };
		530BED0019904C7700C5FDAB /* main.m in Sources */ = {isa = PBXBuildFile; fileRef = 530BECFF19904C7700C5FDAB /* main.m */; };
		530BED0419904C7700C5FDAB /* AppDelegate.m in Sources */ = {isa = PBXBuildFile; fileRef = 530BED0319904C7700C5FDAB /* AppDelegate.m */; };
		530BED0619904C7700C5FDAB /* Images.xcassets in Resources */ = {isa = PBXBuildFile; fileRef = 530BED0519904C7700C5FDAB /* Images.xcassets */; };
		530BED0D19904C7700C5FDAB /* XCTest.framework in Frameworks */ = {isa = PBXBuildFile; fileRef = 530BED0C19904C7700C5FDAB /* XCTest.framework */; };
		530BED0E19904C7700C5FDAB /* Foundation.framework in Frameworks */ = {isa = PBXBuildFile; fileRef = 530BECF319904C7700C5FDAB /* Foundation.framework */; };
		530BED0F19904C7700C5FDAB /* UIKit.framework in Frameworks */ = {isa = PBXBuildFile; fileRef = 530BECF719904C7700C5FDAB /* UIKit.framework */; };
		530BED1719904C7700C5FDAB /* InfoPlist.strings in Resources */ = {isa = PBXBuildFile; fileRef = 530BED1519904C7700C5FDAB /* InfoPlist.strings */; };
		530BED1919904C7700C5FDAB /* Epic_Vegas_IVTests.m in Sources */ = {isa = PBXBuildFile; fileRef = 530BED1819904C7700C5FDAB /* Epic_Vegas_IVTests.m */; };
		530BED2619904DA800C5FDAB /* Parse.framework in Frameworks */ = {isa = PBXBuildFile; fileRef = 530BED2519904DA800C5FDAB /* Parse.framework */; };
		530BED2819904DBC00C5FDAB /* FacebookSDK.framework in Frameworks */ = {isa = PBXBuildFile; fileRef = 530BED2719904DBC00C5FDAB /* FacebookSDK.framework */; };
		530BED2B19904EA700C5FDAB /* SystemConfiguration.framework in Frameworks */ = {isa = PBXBuildFile; fileRef = 530BED2A19904EA700C5FDAB /* SystemConfiguration.framework */; };
		530BED2D19904EAE00C5FDAB /* StoreKit.framework in Frameworks */ = {isa = PBXBuildFile; fileRef = 530BED2C19904EAE00C5FDAB /* StoreKit.framework */; };
		530BED2F19904EB300C5FDAB /* Social.framework in Frameworks */ = {isa = PBXBuildFile; fileRef = 530BED2E19904EB300C5FDAB /* Social.framework */; };
		530BED3119904EB800C5FDAB /* Security.framework in Frameworks */ = {isa = PBXBuildFile; fileRef = 530BED3019904EB800C5FDAB /* Security.framework */; };
		530BED3319904EBD00C5FDAB /* QuartzCore.framework in Frameworks */ = {isa = PBXBuildFile; fileRef = 530BED3219904EBD00C5FDAB /* QuartzCore.framework */; };
		530BED3519904EC400C5FDAB /* MobileCoreServices.framework in Frameworks */ = {isa = PBXBuildFile; fileRef = 530BED3419904EC400C5FDAB /* MobileCoreServices.framework */; };
		530BED3719904EC800C5FDAB /* libz.dylib in Frameworks */ = {isa = PBXBuildFile; fileRef = 530BED3619904EC800C5FDAB /* libz.dylib */; };
		530BED3919904ECC00C5FDAB /* CoreLocation.framework in Frameworks */ = {isa = PBXBuildFile; fileRef = 530BED3819904ECC00C5FDAB /* CoreLocation.framework */; };
		530BED3B19904ED800C5FDAB /* CFNetwork.framework in Frameworks */ = {isa = PBXBuildFile; fileRef = 530BED3A19904ED800C5FDAB /* CFNetwork.framework */; };
		530BED3D19904EDD00C5FDAB /* AudioToolbox.framework in Frameworks */ = {isa = PBXBuildFile; fileRef = 530BED3C19904EDD00C5FDAB /* AudioToolbox.framework */; };
		530BED3F19904EE100C5FDAB /* Accounts.framework in Frameworks */ = {isa = PBXBuildFile; fileRef = 530BED3E19904EE100C5FDAB /* Accounts.framework */; };
		530BED4119904FA500C5FDAB /* Main.storyboard in Resources */ = {isa = PBXBuildFile; fileRef = 530BED4019904FA500C5FDAB /* Main.storyboard */; };
		530BED44199052FF00C5FDAB /* LoginViewController.m in Sources */ = {isa = PBXBuildFile; fileRef = 530BED43199052FF00C5FDAB /* LoginViewController.m */; };
		53165F501991C1F20014695B /* Epic Vegas Nav Bar Title@2x.png in Resources */ = {isa = PBXBuildFile; fileRef = 53165F4F1991C1F20014695B /* Epic Vegas Nav Bar Title@2x.png */; };
		53165F5B1991C9FB0014695B /* full__0000s_0104_user@2x.png in Resources */ = {isa = PBXBuildFile; fileRef = 53165F5A1991C9FB0014695B /* full__0000s_0104_user@2x.png */; };
		53165F5D1991CCE30014695B /* News Feed Icon@2x.png in Resources */ = {isa = PBXBuildFile; fileRef = 53165F5C1991CCE30014695B /* News Feed Icon@2x.png */; };
		53165F5F1991CF730014695B /* Add Icon@2x.png in Resources */ = {isa = PBXBuildFile; fileRef = 53165F5E1991CF730014695B /* Add Icon@2x.png */; };
		53165F621991D04E0014695B /* TabBarController.m in Sources */ = {isa = PBXBuildFile; fileRef = 53165F611991D04E0014695B /* TabBarController.m */; };
		53165F6E1991E0920014695B /* Tab Bar Separators@2x.png in Resources */ = {isa = PBXBuildFile; fileRef = 53165F6D1991E0920014695B /* Tab Bar Separators@2x.png */; };
		53165F701991E15B0014695B /* full__0000s_0032_home@2x.png in Resources */ = {isa = PBXBuildFile; fileRef = 53165F6F1991E15B0014695B /* full__0000s_0032_home@2x.png */; };
		53165F721991E1810014695B /* full__0000s_0000_news-paper@2x.png in Resources */ = {isa = PBXBuildFile; fileRef = 53165F711991E1810014695B /* full__0000s_0000_news-paper@2x.png */; };
		53165F741991E1B70014695B /* full__0000s_0105_mail@2x.png in Resources */ = {isa = PBXBuildFile; fileRef = 53165F731991E1B70014695B /* full__0000s_0105_mail@2x.png */; };
		53165F761991E25C0014695B /* full__0000s_0101_drawer@2x.png in Resources */ = {isa = PBXBuildFile; fileRef = 53165F751991E25C0014695B /* full__0000s_0101_drawer@2x.png */; };
		53165F781991E2870014695B /* full__0000s_0092_map@2x.png in Resources */ = {isa = PBXBuildFile; fileRef = 53165F771991E2870014695B /* full__0000s_0092_map@2x.png */; };
		532B1646199059DE00C4851F /* ProfileViewController.m in Sources */ = {isa = PBXBuildFile; fileRef = 532B1645199059DE00C4851F /* ProfileViewController.m */; };
		5343387119960FAF00A48326 /* NewsFeedTableViewController.m in Sources */ = {isa = PBXBuildFile; fileRef = 5343387019960FAF00A48326 /* NewsFeedTableViewController.m */; };
		5346127F1995F9E000530770 /* Settings 44@2x.png in Resources */ = {isa = PBXBuildFile; fileRef = 5346127E1995F9E000530770 /* Settings 44@2x.png */; };
		5388ED4D1995741A002CA477 /* All Images@2x.png in Resources */ = {isa = PBXBuildFile; fileRef = 5388ED4C1995741A002CA477 /* All Images@2x.png */; };
		5388ED5719957C2F002CA477 /* Location Black@2x.png in Resources */ = {isa = PBXBuildFile; fileRef = 5388ED5619957C2F002CA477 /* Location Black@2x.png */; };
		5388ED5A19958A96002CA477 /* NewsFeedViewController.m in Sources */ = {isa = PBXBuildFile; fileRef = 5388ED5919958A96002CA477 /* NewsFeedViewController.m */; };
		53966CB91992972D00E822DE /* Close Icon@2x.png in Resources */ = {isa = PBXBuildFile; fileRef = 53966CB81992972D00E822DE /* Close Icon@2x.png */; };
		53966CCA1992D26700E822DE /* Add Full Icon@2x.png in Resources */ = {isa = PBXBuildFile; fileRef = 53966CC91992D26700E822DE /* Add Full Icon@2x.png */; };
		53966CCC1992DF7300E822DE /* Add Red Icon@2x.png in Resources */ = {isa = PBXBuildFile; fileRef = 53966CCB1992DF7300E822DE /* Add Red Icon@2x.png */; };
		53966CD11992F5C800E822DE /* 15-tags.png in Resources */ = {isa = PBXBuildFile; fileRef = 53966CCD1992F5C800E822DE /* 15-tags.png */; };
		53966CD21992F5C800E822DE /* 28-star.png in Resources */ = {isa = PBXBuildFile; fileRef = 53966CCE1992F5C800E822DE /* 28-star.png */; };
		53966CD31992F5C800E822DE /* 111-user.png in Resources */ = {isa = PBXBuildFile; fileRef = 53966CCF1992F5C800E822DE /* 111-user.png */; };
		53966CD41992F5C800E822DE /* Subscriptions.png in Resources */ = {isa = PBXBuildFile; fileRef = 53966CD01992F5C800E822DE /* Subscriptions.png */; };
		53966CD61992F5E600E822DE /* 29-heart@2x.png in Resources */ = {isa = PBXBuildFile; fileRef = 53966CD51992F5E600E822DE /* 29-heart@2x.png */; };
		53966CD91992F5F200E822DE /* 112-group.png in Resources */ = {isa = PBXBuildFile; fileRef = 53966CD71992F5F200E822DE /* 112-group.png */; };
		53966CDA1992F5F200E822DE /* 112-group@2x.png in Resources */ = {isa = PBXBuildFile; fileRef = 53966CD81992F5F200E822DE /* 112-group@2x.png */; };
		53966CDC1992F60700E822DE /* action.png in Resources */ = {isa = PBXBuildFile; fileRef = 53966CDB1992F60700E822DE /* action.png */; };
		53966CDE1992F60C00E822DE /* action@2x.png in Resources */ = {isa = PBXBuildFile; fileRef = 53966CDD1992F60C00E822DE /* action@2x.png */; };
		53966CE01992F67400E822DE /* message.png in Resources */ = {isa = PBXBuildFile; fileRef = 53966CDF1992F67400E822DE /* message.png */; };
		53966CE31992F68900E822DE /* person.png in Resources */ = {isa = PBXBuildFile; fileRef = 53966CE11992F68900E822DE /* person.png */; };
		53966CE41992F68900E822DE /* person@2x.png in Resources */ = {isa = PBXBuildFile; fileRef = 53966CE21992F68900E822DE /* person@2x.png */; };
		53966CE61992F6B900E822DE /* full__0000s_0122_camera@2x.png in Resources */ = {isa = PBXBuildFile; fileRef = 53966CE51992F6B900E822DE /* full__0000s_0122_camera@2x.png */; };
		53966CEA1992F6DE00E822DE /* quote.png in Resources */ = {isa = PBXBuildFile; fileRef = 53966CE91992F6DE00E822DE /* quote.png */; };
		53A19F7619943B4F008DF739 /* Camera 60@2x.png in Resources */ = {isa = PBXBuildFile; fileRef = 53A19F7519943B4F008DF739 /* Camera 60@2x.png */; };
		53A19F7819943C68008DF739 /* Location 60@2x.png in Resources */ = {isa = PBXBuildFile; fileRef = 53A19F7719943C68008DF739 /* Location 60@2x.png */; };
		53A19F7A19944BB6008DF739 /* Quotes 60@2x.png in Resources */ = {isa = PBXBuildFile; fileRef = 53A19F7919944BB6008DF739 /* Quotes 60@2x.png */; };
		53A19F8C199466C1008DF739 /* PostToFeedViewController.m in Sources */ = {isa = PBXBuildFile; fileRef = 53A19F8B199466C1008DF739 /* PostToFeedViewController.m */; };
		53A19F9219948176008DF739 /* Settings@2x.png in Resources */ = {isa = PBXBuildFile; fileRef = 53A19F9119948176008DF739 /* Settings@2x.png */; };
		53A19F94199481E6008DF739 /* Favorites@2x.png in Resources */ = {isa = PBXBuildFile; fileRef = 53A19F93199481E6008DF739 /* Favorites@2x.png */; };
		53A19F9C1994846E008DF739 /* Location@2x.png in Resources */ = {isa = PBXBuildFile; fileRef = 53A19F9B1994846E008DF739 /* Location@2x.png */; };
		53A19F9E199484DD008DF739 /* Map@2x.png in Resources */ = {isa = PBXBuildFile; fileRef = 53A19F9D199484DD008DF739 /* Map@2x.png */; };
		53D2D19119906597007197F6 /* FB-f-Logo__white_50@2x.png in Resources */ = {isa = PBXBuildFile; fileRef = 53D2D19019906597007197F6 /* FB-f-Logo__white_50@2x.png */; };
		53D2D1931990A2B1007197F6 /* MapKit.framework in Frameworks */ = {isa = PBXBuildFile; fileRef = 53D2D1921990A2B1007197F6 /* MapKit.framework */; };
		53D2D19519917C62007197F6 /* line__0000s_0104_user@2x.png in Resources */ = {isa = PBXBuildFile; fileRef = 53D2D19419917C62007197F6 /* line__0000s_0104_user@2x.png */; };
		53D2D19719917C72007197F6 /* line__0000s_0092_map@2x.png in Resources */ = {isa = PBXBuildFile; fileRef = 53D2D19619917C72007197F6 /* line__0000s_0092_map@2x.png */; };
		53D2D19919918563007197F6 /* marquee-las-vegas@2x.jpg in Resources */ = {isa = PBXBuildFile; fileRef = 53D2D19819918563007197F6 /* marquee-las-vegas@2x.jpg */; };
		53D2D1A619918D75007197F6 /* DS-DIGIT.ttf in Resources */ = {isa = PBXBuildFile; fileRef = 53D2D1A519918D75007197F6 /* DS-DIGIT.ttf */; };
		53EFEAAD1995B1D8006798C3 /* UIImage+AlphaAdditions.m in Sources */ = {isa = PBXBuildFile; fileRef = 53EFEAA81995B1D8006798C3 /* UIImage+AlphaAdditions.m */; };
		53EFEAAE1995B1D8006798C3 /* UIImage+ResizeAdditions.m in Sources */ = {isa = PBXBuildFile; fileRef = 53EFEAAA1995B1D8006798C3 /* UIImage+ResizeAdditions.m */; };
		53EFEAAF1995B1D8006798C3 /* UIImage+RoundedCornerAdditions.m in Sources */ = {isa = PBXBuildFile; fileRef = 53EFEAAC1995B1D8006798C3 /* UIImage+RoundedCornerAdditions.m */; };
		53EFEABB1995B2EA006798C3 /* Constants.m in Sources */ = {isa = PBXBuildFile; fileRef = 53EFEABA1995B2EA006798C3 /* Constants.m */; };
		53EFEAC11995B3C2006798C3 /* Cache.m in Sources */ = {isa = PBXBuildFile; fileRef = 53EFEAC01995B3C2006798C3 /* Cache.m */; };
		53EFEAC41995B493006798C3 /* Utility.m in Sources */ = {isa = PBXBuildFile; fileRef = 53EFEAC31995B493006798C3 /* Utility.m */; };
		53EFEACA1995C6BF006798C3 /* Accelerate.framework in Frameworks */ = {isa = PBXBuildFile; fileRef = 53EFEAC91995C6BF006798C3 /* Accelerate.framework */; };
		53EFEACC1995C6C5006798C3 /* AdSupport.framework in Frameworks */ = {isa = PBXBuildFile; fileRef = 53EFEACB1995C6C5006798C3 /* AdSupport.framework */; };
		53EFEACE1995C6D8006798C3 /* MessageUI.framework in Frameworks */ = {isa = PBXBuildFile; fileRef = 53EFEACD1995C6D8006798C3 /* MessageUI.framework */; };
		53EFEAD01995C6E8006798C3 /* AddressBookUI.framework in Frameworks */ = {isa = PBXBuildFile; fileRef = 53EFEACF1995C6E8006798C3 /* AddressBookUI.framework */; };
		53EFEAD21995C712006798C3 /* AVFoundation.framework in Frameworks */ = {isa = PBXBuildFile; fileRef = 53EFEAD11995C712006798C3 /* AVFoundation.framework */; };
		53EFEAD41995C71C006798C3 /* AddressBook.framework in Frameworks */ = {isa = PBXBuildFile; fileRef = 53EFEAD31995C71C006798C3 /* AddressBook.framework */; };
		53EFEADF1995C827006798C3 /* Reachability.m in Sources */ = {isa = PBXBuildFile; fileRef = 53EFEAD81995C827006798C3 /* Reachability.m */; };
		53EFEAE01995C827006798C3 /* TTTTimeIntervalFormatter.m in Sources */ = {isa = PBXBuildFile; fileRef = 53EFEADB1995C827006798C3 /* TTTTimeIntervalFormatter.m */; };
		53EFEAE11995C827006798C3 /* UIImage+ImageEffects.m in Sources */ = {isa = PBXBuildFile; fileRef = 53EFEADE1995C827006798C3 /* UIImage+ImageEffects.m */; };
		53EFEAE51995EC24006798C3 /* Write Text 60@2x.png in Resources */ = {isa = PBXBuildFile; fileRef = 53EFEAE41995EC24006798C3 /* Write Text 60@2x.png */; };
/* End PBXBuildFile section */

/* Begin PBXContainerItemProxy section */
		530BED1019904C7700C5FDAB /* PBXContainerItemProxy */ = {
			isa = PBXContainerItemProxy;
			containerPortal = 530BECE819904C7700C5FDAB /* Project object */;
			proxyType = 1;
			remoteGlobalIDString = 530BECEF19904C7700C5FDAB;
			remoteInfo = "Epic Vegas IV";
		};
/* End PBXContainerItemProxy section */

/* Begin PBXFileReference section */
		530BECF019904C7700C5FDAB /* Epic Vegas IV.app */ = {isa = PBXFileReference; explicitFileType = wrapper.application; includeInIndex = 0; path = "Epic Vegas IV.app"; sourceTree = BUILT_PRODUCTS_DIR; };
		530BECF319904C7700C5FDAB /* Foundation.framework */ = {isa = PBXFileReference; lastKnownFileType = wrapper.framework; name = Foundation.framework; path = System/Library/Frameworks/Foundation.framework; sourceTree = SDKROOT; };
		530BECF519904C7700C5FDAB /* CoreGraphics.framework */ = {isa = PBXFileReference; lastKnownFileType = wrapper.framework; name = CoreGraphics.framework; path = System/Library/Frameworks/CoreGraphics.framework; sourceTree = SDKROOT; };
		530BECF719904C7700C5FDAB /* UIKit.framework */ = {isa = PBXFileReference; lastKnownFileType = wrapper.framework; name = UIKit.framework; path = System/Library/Frameworks/UIKit.framework; sourceTree = SDKROOT; };
		530BECFB19904C7700C5FDAB /* Epic Vegas IV-Info.plist */ = {isa = PBXFileReference; lastKnownFileType = text.plist.xml; path = "Epic Vegas IV-Info.plist"; sourceTree = "<group>"; };
		530BECFD19904C7700C5FDAB /* en */ = {isa = PBXFileReference; lastKnownFileType = text.plist.strings; name = en; path = en.lproj/InfoPlist.strings; sourceTree = "<group>"; };
		530BECFF19904C7700C5FDAB /* main.m */ = {isa = PBXFileReference; lastKnownFileType = sourcecode.c.objc; path = main.m; sourceTree = "<group>"; };
		530BED0119904C7700C5FDAB /* Epic Vegas IV-Prefix.pch */ = {isa = PBXFileReference; lastKnownFileType = sourcecode.c.h; path = "Epic Vegas IV-Prefix.pch"; sourceTree = "<group>"; };
		530BED0219904C7700C5FDAB /* AppDelegate.h */ = {isa = PBXFileReference; lastKnownFileType = sourcecode.c.h; path = AppDelegate.h; sourceTree = "<group>"; };
		530BED0319904C7700C5FDAB /* AppDelegate.m */ = {isa = PBXFileReference; lastKnownFileType = sourcecode.c.objc; path = AppDelegate.m; sourceTree = "<group>"; };
		530BED0519904C7700C5FDAB /* Images.xcassets */ = {isa = PBXFileReference; lastKnownFileType = folder.assetcatalog; path = Images.xcassets; sourceTree = "<group>"; };
		530BED0B19904C7700C5FDAB /* Epic Vegas IVTests.xctest */ = {isa = PBXFileReference; explicitFileType = wrapper.cfbundle; includeInIndex = 0; path = "Epic Vegas IVTests.xctest"; sourceTree = BUILT_PRODUCTS_DIR; };
		530BED0C19904C7700C5FDAB /* XCTest.framework */ = {isa = PBXFileReference; lastKnownFileType = wrapper.framework; name = XCTest.framework; path = Library/Frameworks/XCTest.framework; sourceTree = DEVELOPER_DIR; };
		530BED1419904C7700C5FDAB /* Epic Vegas IVTests-Info.plist */ = {isa = PBXFileReference; lastKnownFileType = text.plist.xml; path = "Epic Vegas IVTests-Info.plist"; sourceTree = "<group>"; };
		530BED1619904C7700C5FDAB /* en */ = {isa = PBXFileReference; lastKnownFileType = text.plist.strings; name = en; path = en.lproj/InfoPlist.strings; sourceTree = "<group>"; };
		530BED1819904C7700C5FDAB /* Epic_Vegas_IVTests.m */ = {isa = PBXFileReference; lastKnownFileType = sourcecode.c.objc; path = Epic_Vegas_IVTests.m; sourceTree = "<group>"; };
		530BED2519904DA800C5FDAB /* Parse.framework */ = {isa = PBXFileReference; lastKnownFileType = wrapper.framework; path = Parse.framework; sourceTree = "<group>"; };
		530BED2719904DBC00C5FDAB /* FacebookSDK.framework */ = {isa = PBXFileReference; lastKnownFileType = wrapper.framework; path = FacebookSDK.framework; sourceTree = "<group>"; };
		530BED2A19904EA700C5FDAB /* SystemConfiguration.framework */ = {isa = PBXFileReference; lastKnownFileType = wrapper.framework; name = SystemConfiguration.framework; path = System/Library/Frameworks/SystemConfiguration.framework; sourceTree = SDKROOT; };
		530BED2C19904EAE00C5FDAB /* StoreKit.framework */ = {isa = PBXFileReference; lastKnownFileType = wrapper.framework; name = StoreKit.framework; path = System/Library/Frameworks/StoreKit.framework; sourceTree = SDKROOT; };
		530BED2E19904EB300C5FDAB /* Social.framework */ = {isa = PBXFileReference; lastKnownFileType = wrapper.framework; name = Social.framework; path = System/Library/Frameworks/Social.framework; sourceTree = SDKROOT; };
		530BED3019904EB800C5FDAB /* Security.framework */ = {isa = PBXFileReference; lastKnownFileType = wrapper.framework; name = Security.framework; path = System/Library/Frameworks/Security.framework; sourceTree = SDKROOT; };
		530BED3219904EBD00C5FDAB /* QuartzCore.framework */ = {isa = PBXFileReference; lastKnownFileType = wrapper.framework; name = QuartzCore.framework; path = System/Library/Frameworks/QuartzCore.framework; sourceTree = SDKROOT; };
		530BED3419904EC400C5FDAB /* MobileCoreServices.framework */ = {isa = PBXFileReference; lastKnownFileType = wrapper.framework; name = MobileCoreServices.framework; path = System/Library/Frameworks/MobileCoreServices.framework; sourceTree = SDKROOT; };
		530BED3619904EC800C5FDAB /* libz.dylib */ = {isa = PBXFileReference; lastKnownFileType = "compiled.mach-o.dylib"; name = libz.dylib; path = usr/lib/libz.dylib; sourceTree = SDKROOT; };
		530BED3819904ECC00C5FDAB /* CoreLocation.framework */ = {isa = PBXFileReference; lastKnownFileType = wrapper.framework; name = CoreLocation.framework; path = System/Library/Frameworks/CoreLocation.framework; sourceTree = SDKROOT; };
		530BED3A19904ED800C5FDAB /* CFNetwork.framework */ = {isa = PBXFileReference; lastKnownFileType = wrapper.framework; name = CFNetwork.framework; path = System/Library/Frameworks/CFNetwork.framework; sourceTree = SDKROOT; };
		530BED3C19904EDD00C5FDAB /* AudioToolbox.framework */ = {isa = PBXFileReference; lastKnownFileType = wrapper.framework; name = AudioToolbox.framework; path = System/Library/Frameworks/AudioToolbox.framework; sourceTree = SDKROOT; };
		530BED3E19904EE100C5FDAB /* Accounts.framework */ = {isa = PBXFileReference; lastKnownFileType = wrapper.framework; name = Accounts.framework; path = System/Library/Frameworks/Accounts.framework; sourceTree = SDKROOT; };
		530BED4019904FA500C5FDAB /* Main.storyboard */ = {isa = PBXFileReference; fileEncoding = 4; lastKnownFileType = file.storyboard; path = Main.storyboard; sourceTree = "<group>"; };
		530BED42199052FF00C5FDAB /* LoginViewController.h */ = {isa = PBXFileReference; fileEncoding = 4; lastKnownFileType = sourcecode.c.h; path = LoginViewController.h; sourceTree = "<group>"; };
		530BED43199052FF00C5FDAB /* LoginViewController.m */ = {isa = PBXFileReference; fileEncoding = 4; lastKnownFileType = sourcecode.c.objc; path = LoginViewController.m; sourceTree = "<group>"; };
		53165F4F1991C1F20014695B /* Epic Vegas Nav Bar Title@2x.png */ = {isa = PBXFileReference; lastKnownFileType = image.png; path = "Epic Vegas Nav Bar Title@2x.png"; sourceTree = "<group>"; };
		53165F5A1991C9FB0014695B /* full__0000s_0104_user@2x.png */ = {isa = PBXFileReference; lastKnownFileType = image.png; path = "full__0000s_0104_user@2x.png"; sourceTree = "<group>"; };
		53165F5C1991CCE30014695B /* News Feed Icon@2x.png */ = {isa = PBXFileReference; lastKnownFileType = image.png; path = "News Feed Icon@2x.png"; sourceTree = "<group>"; };
		53165F5E1991CF730014695B /* Add Icon@2x.png */ = {isa = PBXFileReference; lastKnownFileType = image.png; path = "Add Icon@2x.png"; sourceTree = "<group>"; };
		53165F601991D04E0014695B /* TabBarController.h */ = {isa = PBXFileReference; fileEncoding = 4; lastKnownFileType = sourcecode.c.h; path = TabBarController.h; sourceTree = "<group>"; };
		53165F611991D04E0014695B /* TabBarController.m */ = {isa = PBXFileReference; fileEncoding = 4; lastKnownFileType = sourcecode.c.objc; path = TabBarController.m; sourceTree = "<group>"; };
		53165F6D1991E0920014695B /* Tab Bar Separators@2x.png */ = {isa = PBXFileReference; lastKnownFileType = image.png; path = "Tab Bar Separators@2x.png"; sourceTree = "<group>"; };
		53165F6F1991E15B0014695B /* full__0000s_0032_home@2x.png */ = {isa = PBXFileReference; lastKnownFileType = image.png; path = "full__0000s_0032_home@2x.png"; sourceTree = "<group>"; };
		53165F711991E1810014695B /* full__0000s_0000_news-paper@2x.png */ = {isa = PBXFileReference; lastKnownFileType = image.png; path = "full__0000s_0000_news-paper@2x.png"; sourceTree = "<group>"; };
		53165F731991E1B70014695B /* full__0000s_0105_mail@2x.png */ = {isa = PBXFileReference; lastKnownFileType = image.png; path = "full__0000s_0105_mail@2x.png"; sourceTree = "<group>"; };
		53165F751991E25C0014695B /* full__0000s_0101_drawer@2x.png */ = {isa = PBXFileReference; lastKnownFileType = image.png; path = "full__0000s_0101_drawer@2x.png"; sourceTree = "<group>"; };
		53165F771991E2870014695B /* full__0000s_0092_map@2x.png */ = {isa = PBXFileReference; lastKnownFileType = image.png; path = "full__0000s_0092_map@2x.png"; sourceTree = "<group>"; };
		532B1644199059DE00C4851F /* ProfileViewController.h */ = {isa = PBXFileReference; fileEncoding = 4; lastKnownFileType = sourcecode.c.h; path = ProfileViewController.h; sourceTree = "<group>"; };
		532B1645199059DE00C4851F /* ProfileViewController.m */ = {isa = PBXFileReference; fileEncoding = 4; lastKnownFileType = sourcecode.c.objc; path = ProfileViewController.m; sourceTree = "<group>"; };
		5343386F19960FAF00A48326 /* NewsFeedTableViewController.h */ = {isa = PBXFileReference; fileEncoding = 4; lastKnownFileType = sourcecode.c.h; path = NewsFeedTableViewController.h; sourceTree = "<group>"; };
		5343387019960FAF00A48326 /* NewsFeedTableViewController.m */ = {isa = PBXFileReference; fileEncoding = 4; lastKnownFileType = sourcecode.c.objc; path = NewsFeedTableViewController.m; sourceTree = "<group>"; };
		5346127E1995F9E000530770 /* Settings 44@2x.png */ = {isa = PBXFileReference; lastKnownFileType = image.png; path = "Settings 44@2x.png"; sourceTree = "<group>"; };
		5388ED4C1995741A002CA477 /* All Images@2x.png */ = {isa = PBXFileReference; lastKnownFileType = image.png; path = "All Images@2x.png"; sourceTree = "<group>"; };
		5388ED5619957C2F002CA477 /* Location Black@2x.png */ = {isa = PBXFileReference; lastKnownFileType = image.png; path = "Location Black@2x.png"; sourceTree = "<group>"; };
		5388ED5819958A96002CA477 /* NewsFeedViewController.h */ = {isa = PBXFileReference; fileEncoding = 4; lastKnownFileType = sourcecode.c.h; path = NewsFeedViewController.h; sourceTree = "<group>"; };
		5388ED5919958A96002CA477 /* NewsFeedViewController.m */ = {isa = PBXFileReference; fileEncoding = 4; lastKnownFileType = sourcecode.c.objc; path = NewsFeedViewController.m; sourceTree = "<group>"; };
		53966CB81992972D00E822DE /* Close Icon@2x.png */ = {isa = PBXFileReference; lastKnownFileType = image.png; path = "Close Icon@2x.png"; sourceTree = "<group>"; };
		53966CC91992D26700E822DE /* Add Full Icon@2x.png */ = {isa = PBXFileReference; lastKnownFileType = image.png; path = "Add Full Icon@2x.png"; sourceTree = "<group>"; };
		53966CCB1992DF7300E822DE /* Add Red Icon@2x.png */ = {isa = PBXFileReference; lastKnownFileType = image.png; path = "Add Red Icon@2x.png"; sourceTree = "<group>"; };
		53966CCD1992F5C800E822DE /* 15-tags.png */ = {isa = PBXFileReference; lastKnownFileType = image.png; path = "15-tags.png"; sourceTree = "<group>"; };
		53966CCE1992F5C800E822DE /* 28-star.png */ = {isa = PBXFileReference; lastKnownFileType = image.png; path = "28-star.png"; sourceTree = "<group>"; };
		53966CCF1992F5C800E822DE /* 111-user.png */ = {isa = PBXFileReference; lastKnownFileType = image.png; path = "111-user.png"; sourceTree = "<group>"; };
		53966CD01992F5C800E822DE /* Subscriptions.png */ = {isa = PBXFileReference; lastKnownFileType = image.png; path = Subscriptions.png; sourceTree = "<group>"; };
		53966CD51992F5E600E822DE /* 29-heart@2x.png */ = {isa = PBXFileReference; lastKnownFileType = image.png; path = "29-heart@2x.png"; sourceTree = "<group>"; };
		53966CD71992F5F200E822DE /* 112-group.png */ = {isa = PBXFileReference; lastKnownFileType = image.png; path = "112-group.png"; sourceTree = "<group>"; };
		53966CD81992F5F200E822DE /* 112-group@2x.png */ = {isa = PBXFileReference; lastKnownFileType = image.png; path = "112-group@2x.png"; sourceTree = "<group>"; };
		53966CDB1992F60700E822DE /* action.png */ = {isa = PBXFileReference; lastKnownFileType = image.png; path = action.png; sourceTree = "<group>"; };
		53966CDD1992F60C00E822DE /* action@2x.png */ = {isa = PBXFileReference; lastKnownFileType = image.png; path = "action@2x.png"; sourceTree = "<group>"; };
		53966CDF1992F67400E822DE /* message.png */ = {isa = PBXFileReference; lastKnownFileType = image.png; path = message.png; sourceTree = "<group>"; };
		53966CE11992F68900E822DE /* person.png */ = {isa = PBXFileReference; lastKnownFileType = image.png; path = person.png; sourceTree = "<group>"; };
		53966CE21992F68900E822DE /* person@2x.png */ = {isa = PBXFileReference; lastKnownFileType = image.png; path = "person@2x.png"; sourceTree = "<group>"; };
		53966CE51992F6B900E822DE /* full__0000s_0122_camera@2x.png */ = {isa = PBXFileReference; lastKnownFileType = image.png; path = "full__0000s_0122_camera@2x.png"; sourceTree = "<group>"; };
		53966CE91992F6DE00E822DE /* quote.png */ = {isa = PBXFileReference; lastKnownFileType = image.png; path = quote.png; sourceTree = "<group>"; };
		53A19F7519943B4F008DF739 /* Camera 60@2x.png */ = {isa = PBXFileReference; lastKnownFileType = image.png; path = "Camera 60@2x.png"; sourceTree = "<group>"; };
		53A19F7719943C68008DF739 /* Location 60@2x.png */ = {isa = PBXFileReference; lastKnownFileType = image.png; path = "Location 60@2x.png"; sourceTree = "<group>"; };
		53A19F7919944BB6008DF739 /* Quotes 60@2x.png */ = {isa = PBXFileReference; lastKnownFileType = image.png; path = "Quotes 60@2x.png"; sourceTree = "<group>"; };
		53A19F8A199466C1008DF739 /* PostToFeedViewController.h */ = {isa = PBXFileReference; fileEncoding = 4; lastKnownFileType = sourcecode.c.h; path = PostToFeedViewController.h; sourceTree = "<group>"; };
		53A19F8B199466C1008DF739 /* PostToFeedViewController.m */ = {isa = PBXFileReference; fileEncoding = 4; lastKnownFileType = sourcecode.c.objc; path = PostToFeedViewController.m; sourceTree = "<group>"; };
		53A19F9119948176008DF739 /* Settings@2x.png */ = {isa = PBXFileReference; lastKnownFileType = image.png; path = "Settings@2x.png"; sourceTree = "<group>"; };
		53A19F93199481E6008DF739 /* Favorites@2x.png */ = {isa = PBXFileReference; lastKnownFileType = image.png; path = "Favorites@2x.png"; sourceTree = "<group>"; };
		53A19F9B1994846E008DF739 /* Location@2x.png */ = {isa = PBXFileReference; lastKnownFileType = image.png; path = "Location@2x.png"; sourceTree = "<group>"; };
		53A19F9D199484DD008DF739 /* Map@2x.png */ = {isa = PBXFileReference; lastKnownFileType = image.png; path = "Map@2x.png"; sourceTree = "<group>"; };
		53D2D19019906597007197F6 /* FB-f-Logo__white_50@2x.png */ = {isa = PBXFileReference; lastKnownFileType = image.png; path = "FB-f-Logo__white_50@2x.png"; sourceTree = "<group>"; };
		53D2D1921990A2B1007197F6 /* MapKit.framework */ = {isa = PBXFileReference; lastKnownFileType = wrapper.framework; name = MapKit.framework; path = System/Library/Frameworks/MapKit.framework; sourceTree = SDKROOT; };
		53D2D19419917C62007197F6 /* line__0000s_0104_user@2x.png */ = {isa = PBXFileReference; lastKnownFileType = image.png; path = "line__0000s_0104_user@2x.png"; sourceTree = "<group>"; };
		53D2D19619917C72007197F6 /* line__0000s_0092_map@2x.png */ = {isa = PBXFileReference; lastKnownFileType = image.png; path = "line__0000s_0092_map@2x.png"; sourceTree = "<group>"; };
		53D2D19819918563007197F6 /* marquee-las-vegas@2x.jpg */ = {isa = PBXFileReference; lastKnownFileType = image.jpeg; path = "marquee-las-vegas@2x.jpg"; sourceTree = "<group>"; };
		53D2D1A519918D75007197F6 /* DS-DIGIT.ttf */ = {isa = PBXFileReference; lastKnownFileType = file; path = "DS-DIGIT.ttf"; sourceTree = "<group>"; };
		53EFEAA71995B1D8006798C3 /* UIImage+AlphaAdditions.h */ = {isa = PBXFileReference; fileEncoding = 4; lastKnownFileType = sourcecode.c.h; path = "UIImage+AlphaAdditions.h"; sourceTree = "<group>"; };
		53EFEAA81995B1D8006798C3 /* UIImage+AlphaAdditions.m */ = {isa = PBXFileReference; fileEncoding = 4; lastKnownFileType = sourcecode.c.objc; path = "UIImage+AlphaAdditions.m"; sourceTree = "<group>"; };
		53EFEAA91995B1D8006798C3 /* UIImage+ResizeAdditions.h */ = {isa = PBXFileReference; fileEncoding = 4; lastKnownFileType = sourcecode.c.h; path = "UIImage+ResizeAdditions.h"; sourceTree = "<group>"; };
		53EFEAAA1995B1D8006798C3 /* UIImage+ResizeAdditions.m */ = {isa = PBXFileReference; fileEncoding = 4; lastKnownFileType = sourcecode.c.objc; path = "UIImage+ResizeAdditions.m"; sourceTree = "<group>"; };
		53EFEAAB1995B1D8006798C3 /* UIImage+RoundedCornerAdditions.h */ = {isa = PBXFileReference; fileEncoding = 4; lastKnownFileType = sourcecode.c.h; path = "UIImage+RoundedCornerAdditions.h"; sourceTree = "<group>"; };
		53EFEAAC1995B1D8006798C3 /* UIImage+RoundedCornerAdditions.m */ = {isa = PBXFileReference; fileEncoding = 4; lastKnownFileType = sourcecode.c.objc; path = "UIImage+RoundedCornerAdditions.m"; sourceTree = "<group>"; };
		53EFEAB91995B2EA006798C3 /* Constants.h */ = {isa = PBXFileReference; fileEncoding = 4; lastKnownFileType = sourcecode.c.h; path = Constants.h; sourceTree = "<group>"; };
		53EFEABA1995B2EA006798C3 /* Constants.m */ = {isa = PBXFileReference; fileEncoding = 4; lastKnownFileType = sourcecode.c.objc; path = Constants.m; sourceTree = "<group>"; };
		53EFEABF1995B3C2006798C3 /* Cache.h */ = {isa = PBXFileReference; fileEncoding = 4; lastKnownFileType = sourcecode.c.h; path = Cache.h; sourceTree = "<group>"; };
		53EFEAC01995B3C2006798C3 /* Cache.m */ = {isa = PBXFileReference; fileEncoding = 4; lastKnownFileType = sourcecode.c.objc; path = Cache.m; sourceTree = "<group>"; };
		53EFEAC21995B493006798C3 /* Utility.h */ = {isa = PBXFileReference; fileEncoding = 4; lastKnownFileType = sourcecode.c.h; path = Utility.h; sourceTree = "<group>"; };
		53EFEAC31995B493006798C3 /* Utility.m */ = {isa = PBXFileReference; fileEncoding = 4; lastKnownFileType = sourcecode.c.objc; path = Utility.m; sourceTree = "<group>"; };
		53EFEAC91995C6BF006798C3 /* Accelerate.framework */ = {isa = PBXFileReference; lastKnownFileType = wrapper.framework; name = Accelerate.framework; path = System/Library/Frameworks/Accelerate.framework; sourceTree = SDKROOT; };
		53EFEACB1995C6C5006798C3 /* AdSupport.framework */ = {isa = PBXFileReference; lastKnownFileType = wrapper.framework; name = AdSupport.framework; path = System/Library/Frameworks/AdSupport.framework; sourceTree = SDKROOT; };
		53EFEACD1995C6D8006798C3 /* MessageUI.framework */ = {isa = PBXFileReference; lastKnownFileType = wrapper.framework; name = MessageUI.framework; path = System/Library/Frameworks/MessageUI.framework; sourceTree = SDKROOT; };
		53EFEACF1995C6E8006798C3 /* AddressBookUI.framework */ = {isa = PBXFileReference; lastKnownFileType = wrapper.framework; name = AddressBookUI.framework; path = System/Library/Frameworks/AddressBookUI.framework; sourceTree = SDKROOT; };
		53EFEAD11995C712006798C3 /* AVFoundation.framework */ = {isa = PBXFileReference; lastKnownFileType = wrapper.framework; name = AVFoundation.framework; path = System/Library/Frameworks/AVFoundation.framework; sourceTree = SDKROOT; };
		53EFEAD31995C71C006798C3 /* AddressBook.framework */ = {isa = PBXFileReference; lastKnownFileType = wrapper.framework; name = AddressBook.framework; path = System/Library/Frameworks/AddressBook.framework; sourceTree = SDKROOT; };
		53EFEAD71995C827006798C3 /* Reachability.h */ = {isa = PBXFileReference; fileEncoding = 4; lastKnownFileType = sourcecode.c.h; path = Reachability.h; sourceTree = "<group>"; };
		53EFEAD81995C827006798C3 /* Reachability.m */ = {isa = PBXFileReference; fileEncoding = 4; lastKnownFileType = sourcecode.c.objc; path = Reachability.m; sourceTree = "<group>"; };
		53EFEADA1995C827006798C3 /* TTTTimeIntervalFormatter.h */ = {isa = PBXFileReference; fileEncoding = 4; lastKnownFileType = sourcecode.c.h; path = TTTTimeIntervalFormatter.h; sourceTree = "<group>"; };
		53EFEADB1995C827006798C3 /* TTTTimeIntervalFormatter.m */ = {isa = PBXFileReference; fileEncoding = 4; lastKnownFileType = sourcecode.c.objc; path = TTTTimeIntervalFormatter.m; sourceTree = "<group>"; };
		53EFEADD1995C827006798C3 /* UIImage+ImageEffects.h */ = {isa = PBXFileReference; fileEncoding = 4; lastKnownFileType = sourcecode.c.h; path = "UIImage+ImageEffects.h"; sourceTree = "<group>"; };
		53EFEADE1995C827006798C3 /* UIImage+ImageEffects.m */ = {isa = PBXFileReference; fileEncoding = 4; lastKnownFileType = sourcecode.c.objc; path = "UIImage+ImageEffects.m"; sourceTree = "<group>"; };
		53EFEAE41995EC24006798C3 /* Write Text 60@2x.png */ = {isa = PBXFileReference; lastKnownFileType = image.png; path = "Write Text 60@2x.png"; sourceTree = "<group>"; };
/* End PBXFileReference section */

/* Begin PBXFrameworksBuildPhase section */
		530BECED19904C7700C5FDAB /* Frameworks */ = {
			isa = PBXFrameworksBuildPhase;
			buildActionMask = 2147483647;
			files = (
				53EFEAD41995C71C006798C3 /* AddressBook.framework in Frameworks */,
				53EFEAD21995C712006798C3 /* AVFoundation.framework in Frameworks */,
				53EFEAD01995C6E8006798C3 /* AddressBookUI.framework in Frameworks */,
				53EFEACE1995C6D8006798C3 /* MessageUI.framework in Frameworks */,
				530BED3F19904EE100C5FDAB /* Accounts.framework in Frameworks */,
				530BED2F19904EB300C5FDAB /* Social.framework in Frameworks */,
				53EFEACC1995C6C5006798C3 /* AdSupport.framework in Frameworks */,
				53EFEACA1995C6BF006798C3 /* Accelerate.framework in Frameworks */,
				53D2D1931990A2B1007197F6 /* MapKit.framework in Frameworks */,
				530BED3D19904EDD00C5FDAB /* AudioToolbox.framework in Frameworks */,
				530BED3B19904ED800C5FDAB /* CFNetwork.framework in Frameworks */,
				530BED3919904ECC00C5FDAB /* CoreLocation.framework in Frameworks */,
				530BED3719904EC800C5FDAB /* libz.dylib in Frameworks */,
				530BED3519904EC400C5FDAB /* MobileCoreServices.framework in Frameworks */,
				530BED3319904EBD00C5FDAB /* QuartzCore.framework in Frameworks */,
				530BED3119904EB800C5FDAB /* Security.framework in Frameworks */,
				530BED2D19904EAE00C5FDAB /* StoreKit.framework in Frameworks */,
				530BED2B19904EA700C5FDAB /* SystemConfiguration.framework in Frameworks */,
				530BECF619904C7700C5FDAB /* CoreGraphics.framework in Frameworks */,
				530BED2819904DBC00C5FDAB /* FacebookSDK.framework in Frameworks */,
				530BECF819904C7700C5FDAB /* UIKit.framework in Frameworks */,
				530BED2619904DA800C5FDAB /* Parse.framework in Frameworks */,
				530BECF419904C7700C5FDAB /* Foundation.framework in Frameworks */,
			);
			runOnlyForDeploymentPostprocessing = 0;
		};
		530BED0819904C7700C5FDAB /* Frameworks */ = {
			isa = PBXFrameworksBuildPhase;
			buildActionMask = 2147483647;
			files = (
				530BED0D19904C7700C5FDAB /* XCTest.framework in Frameworks */,
				530BED0F19904C7700C5FDAB /* UIKit.framework in Frameworks */,
				530BED0E19904C7700C5FDAB /* Foundation.framework in Frameworks */,
			);
			runOnlyForDeploymentPostprocessing = 0;
		};
/* End PBXFrameworksBuildPhase section */

/* Begin PBXGroup section */
		530BECE719904C7700C5FDAB = {
			isa = PBXGroup;
			children = (
				530BECF919904C7700C5FDAB /* Epic Vegas IV */,
				530BED1219904C7700C5FDAB /* Epic Vegas IVTests */,
				530BECF219904C7700C5FDAB /* Frameworks */,
				530BECF119904C7700C5FDAB /* Products */,
				53EFEAD51995C7F9006798C3 /* Vendor */,
			);
			sourceTree = "<group>";
		};
		530BECF119904C7700C5FDAB /* Products */ = {
			isa = PBXGroup;
			children = (
				530BECF019904C7700C5FDAB /* Epic Vegas IV.app */,
				530BED0B19904C7700C5FDAB /* Epic Vegas IVTests.xctest */,
			);
			name = Products;
			sourceTree = "<group>";
		};
		530BECF219904C7700C5FDAB /* Frameworks */ = {
			isa = PBXGroup;
			children = (
				53EFEAD31995C71C006798C3 /* AddressBook.framework */,
				53EFEAD11995C712006798C3 /* AVFoundation.framework */,
				53EFEACF1995C6E8006798C3 /* AddressBookUI.framework */,
				53EFEACD1995C6D8006798C3 /* MessageUI.framework */,
				53EFEACB1995C6C5006798C3 /* AdSupport.framework */,
				53EFEAC91995C6BF006798C3 /* Accelerate.framework */,
				53D2D1921990A2B1007197F6 /* MapKit.framework */,
				530BED3E19904EE100C5FDAB /* Accounts.framework */,
				530BED3C19904EDD00C5FDAB /* AudioToolbox.framework */,
				530BED3A19904ED800C5FDAB /* CFNetwork.framework */,
				530BED3819904ECC00C5FDAB /* CoreLocation.framework */,
				530BED3619904EC800C5FDAB /* libz.dylib */,
				530BED3419904EC400C5FDAB /* MobileCoreServices.framework */,
				530BED3219904EBD00C5FDAB /* QuartzCore.framework */,
				530BED3019904EB800C5FDAB /* Security.framework */,
				530BED2E19904EB300C5FDAB /* Social.framework */,
				530BED2C19904EAE00C5FDAB /* StoreKit.framework */,
				530BED2A19904EA700C5FDAB /* SystemConfiguration.framework */,
				530BECF319904C7700C5FDAB /* Foundation.framework */,
				530BECF519904C7700C5FDAB /* CoreGraphics.framework */,
				530BECF719904C7700C5FDAB /* UIKit.framework */,
				530BED0C19904C7700C5FDAB /* XCTest.framework */,
			);
			name = Frameworks;
			sourceTree = "<group>";
		};
		530BECF919904C7700C5FDAB /* Epic Vegas IV */ = {
			isa = PBXGroup;
			children = (
				530BED2219904CD700C5FDAB /* Resources */,
				53EFEAA61995B169006798C3 /* Categories */,
				53EFEAA01995AF65006798C3 /* Controllers */,
				530BED0219904C7700C5FDAB /* AppDelegate.h */,
				530BED0319904C7700C5FDAB /* AppDelegate.m */,
				53EFEAB91995B2EA006798C3 /* Constants.h */,
				53EFEABA1995B2EA006798C3 /* Constants.m */,
				53EFEABF1995B3C2006798C3 /* Cache.h */,
				53EFEAC01995B3C2006798C3 /* Cache.m */,
				53EFEAC21995B493006798C3 /* Utility.h */,
				53EFEAC31995B493006798C3 /* Utility.m */,
				530BED4019904FA500C5FDAB /* Main.storyboard */,
				530BED0519904C7700C5FDAB /* Images.xcassets */,
				530BECFA19904C7700C5FDAB /* Supporting Files */,
			);
			path = "Epic Vegas IV";
			sourceTree = "<group>";
		};
		530BECFA19904C7700C5FDAB /* Supporting Files */ = {
			isa = PBXGroup;
			children = (
				530BECFB19904C7700C5FDAB /* Epic Vegas IV-Info.plist */,
				530BECFC19904C7700C5FDAB /* InfoPlist.strings */,
				530BECFF19904C7700C5FDAB /* main.m */,
				530BED0119904C7700C5FDAB /* Epic Vegas IV-Prefix.pch */,
			);
			name = "Supporting Files";
			sourceTree = "<group>";
		};
		530BED1219904C7700C5FDAB /* Epic Vegas IVTests */ = {
			isa = PBXGroup;
			children = (
				530BED1819904C7700C5FDAB /* Epic_Vegas_IVTests.m */,
				530BED1319904C7700C5FDAB /* Supporting Files */,
			);
			path = "Epic Vegas IVTests";
			sourceTree = "<group>";
		};
		530BED1319904C7700C5FDAB /* Supporting Files */ = {
			isa = PBXGroup;
			children = (
				530BED1419904C7700C5FDAB /* Epic Vegas IVTests-Info.plist */,
				530BED1519904C7700C5FDAB /* InfoPlist.strings */,
			);
			name = "Supporting Files";
			sourceTree = "<group>";
		};
		530BED2219904CD700C5FDAB /* Resources */ = {
			isa = PBXGroup;
			children = (
				530BED2419904CE600C5FDAB /* Fonts */,
				530BED2319904CDE00C5FDAB /* Images */,
			);
			name = Resources;
			sourceTree = "<group>";
		};
		530BED2319904CDE00C5FDAB /* Images */ = {
			isa = PBXGroup;
			children = (
				5346127E1995F9E000530770 /* Settings 44@2x.png */,
				53EFEAE41995EC24006798C3 /* Write Text 60@2x.png */,
				5388ED5619957C2F002CA477 /* Location Black@2x.png */,
				5388ED4C1995741A002CA477 /* All Images@2x.png */,
				53A19F9D199484DD008DF739 /* Map@2x.png */,
				53A19F9B1994846E008DF739 /* Location@2x.png */,
				53A19F93199481E6008DF739 /* Favorites@2x.png */,
				53A19F9119948176008DF739 /* Settings@2x.png */,
				53A19F7919944BB6008DF739 /* Quotes 60@2x.png */,
				53A19F7719943C68008DF739 /* Location 60@2x.png */,
				53A19F7519943B4F008DF739 /* Camera 60@2x.png */,
				53966CE91992F6DE00E822DE /* quote.png */,
				53966CE51992F6B900E822DE /* full__0000s_0122_camera@2x.png */,
				53966CE11992F68900E822DE /* person.png */,
				53966CE21992F68900E822DE /* person@2x.png */,
				53966CDF1992F67400E822DE /* message.png */,
				53966CDD1992F60C00E822DE /* action@2x.png */,
				53966CDB1992F60700E822DE /* action.png */,
				53966CD71992F5F200E822DE /* 112-group.png */,
				53966CD81992F5F200E822DE /* 112-group@2x.png */,
				53966CD51992F5E600E822DE /* 29-heart@2x.png */,
				53966CCD1992F5C800E822DE /* 15-tags.png */,
				53966CCE1992F5C800E822DE /* 28-star.png */,
				53966CCF1992F5C800E822DE /* 111-user.png */,
				53966CD01992F5C800E822DE /* Subscriptions.png */,
				53966CCB1992DF7300E822DE /* Add Red Icon@2x.png */,
				53966CC91992D26700E822DE /* Add Full Icon@2x.png */,
				53966CB81992972D00E822DE /* Close Icon@2x.png */,
				53165F771991E2870014695B /* full__0000s_0092_map@2x.png */,
				53165F751991E25C0014695B /* full__0000s_0101_drawer@2x.png */,
				53165F731991E1B70014695B /* full__0000s_0105_mail@2x.png */,
				53165F711991E1810014695B /* full__0000s_0000_news-paper@2x.png */,
				53165F6F1991E15B0014695B /* full__0000s_0032_home@2x.png */,
				53165F6D1991E0920014695B /* Tab Bar Separators@2x.png */,
				53165F5E1991CF730014695B /* Add Icon@2x.png */,
				53165F5C1991CCE30014695B /* News Feed Icon@2x.png */,
				53165F5A1991C9FB0014695B /* full__0000s_0104_user@2x.png */,
				53165F4F1991C1F20014695B /* Epic Vegas Nav Bar Title@2x.png */,
				53D2D19819918563007197F6 /* marquee-las-vegas@2x.jpg */,
				53D2D19619917C72007197F6 /* line__0000s_0092_map@2x.png */,
				53D2D19419917C62007197F6 /* line__0000s_0104_user@2x.png */,
				53D2D19019906597007197F6 /* FB-f-Logo__white_50@2x.png */,
			);
			name = Images;
			sourceTree = "<group>";
		};
		530BED2419904CE600C5FDAB /* Fonts */ = {
			isa = PBXGroup;
			children = (
				53D2D1A519918D75007197F6 /* DS-DIGIT.ttf */,
			);
			name = Fonts;
			sourceTree = "<group>";
		};
		53EFEAA01995AF65006798C3 /* Controllers */ = {
			isa = PBXGroup;
			children = (
				53EFEAA51995B006006798C3 /* Post */,
				53EFEAA41995AFE8006798C3 /* Profile */,
				53EFEAA31995AF8C006798C3 /* Tab Bar */,
				53EFEAA21995AF81006798C3 /* News Feed */,
				53EFEAA11995AF73006798C3 /* Login */,
			);
			name = Controllers;
			sourceTree = "<group>";
		};
		53EFEAA11995AF73006798C3 /* Login */ = {
			isa = PBXGroup;
			children = (
				530BED42199052FF00C5FDAB /* LoginViewController.h */,
				530BED43199052FF00C5FDAB /* LoginViewController.m */,
			);
			name = Login;
			sourceTree = "<group>";
		};
		53EFEAA21995AF81006798C3 /* News Feed */ = {
			isa = PBXGroup;
			children = (
				5388ED5819958A96002CA477 /* NewsFeedViewController.h */,
				5388ED5919958A96002CA477 /* NewsFeedViewController.m */,
				5343386F19960FAF00A48326 /* NewsFeedTableViewController.h */,
				5343387019960FAF00A48326 /* NewsFeedTableViewController.m */,
			);
			name = "News Feed";
			sourceTree = "<group>";
		};
		53EFEAA31995AF8C006798C3 /* Tab Bar */ = {
			isa = PBXGroup;
			children = (
				53165F601991D04E0014695B /* TabBarController.h */,
				53165F611991D04E0014695B /* TabBarController.m */,
			);
			name = "Tab Bar";
			sourceTree = "<group>";
		};
		53EFEAA41995AFE8006798C3 /* Profile */ = {
			isa = PBXGroup;
			children = (
				532B1644199059DE00C4851F /* ProfileViewController.h */,
				532B1645199059DE00C4851F /* ProfileViewController.m */,
			);
			name = Profile;
			sourceTree = "<group>";
		};
		53EFEAA51995B006006798C3 /* Post */ = {
			isa = PBXGroup;
			children = (
				53A19F8A199466C1008DF739 /* PostToFeedViewController.h */,
				53A19F8B199466C1008DF739 /* PostToFeedViewController.m */,
			);
			name = Post;
			sourceTree = "<group>";
		};
		53EFEAA61995B169006798C3 /* Categories */ = {
			isa = PBXGroup;
			children = (
				53EFEAA71995B1D8006798C3 /* UIImage+AlphaAdditions.h */,
				53EFEAA81995B1D8006798C3 /* UIImage+AlphaAdditions.m */,
				53EFEAA91995B1D8006798C3 /* UIImage+ResizeAdditions.h */,
				53EFEAAA1995B1D8006798C3 /* UIImage+ResizeAdditions.m */,
				53EFEAAB1995B1D8006798C3 /* UIImage+RoundedCornerAdditions.h */,
				53EFEAAC1995B1D8006798C3 /* UIImage+RoundedCornerAdditions.m */,
			);
			name = Categories;
			sourceTree = "<group>";
		};
		53EFEAD51995C7F9006798C3 /* Vendor */ = {
			isa = PBXGroup;
			children = (
				53EFEAD61995C827006798C3 /* Reachability */,
				53EFEAD91995C827006798C3 /* TTTTimeIntervalFormatter */,
				53EFEADC1995C827006798C3 /* UIImageEffects */,
				530BED2719904DBC00C5FDAB /* FacebookSDK.framework */,
				530BED2519904DA800C5FDAB /* Parse.framework */,
			);
			name = Vendor;
			sourceTree = "<group>";
		};
		53EFEAD61995C827006798C3 /* Reachability */ = {
			isa = PBXGroup;
			children = (
				53EFEAD71995C827006798C3 /* Reachability.h */,
				53EFEAD81995C827006798C3 /* Reachability.m */,
			);
			path = Reachability;
			sourceTree = "<group>";
		};
		53EFEAD91995C827006798C3 /* TTTTimeIntervalFormatter */ = {
			isa = PBXGroup;
			children = (
				53EFEADA1995C827006798C3 /* TTTTimeIntervalFormatter.h */,
				53EFEADB1995C827006798C3 /* TTTTimeIntervalFormatter.m */,
			);
			path = TTTTimeIntervalFormatter;
			sourceTree = "<group>";
		};
		53EFEADC1995C827006798C3 /* UIImageEffects */ = {
			isa = PBXGroup;
			children = (
				53EFEADD1995C827006798C3 /* UIImage+ImageEffects.h */,
				53EFEADE1995C827006798C3 /* UIImage+ImageEffects.m */,
			);
			path = UIImageEffects;
			sourceTree = "<group>";
		};
/* End PBXGroup section */

/* Begin PBXNativeTarget section */
		530BECEF19904C7700C5FDAB /* Epic Vegas IV */ = {
			isa = PBXNativeTarget;
			buildConfigurationList = 530BED1C19904C7700C5FDAB /* Build configuration list for PBXNativeTarget "Epic Vegas IV" */;
			buildPhases = (
				530BECEC19904C7700C5FDAB /* Sources */,
				530BECED19904C7700C5FDAB /* Frameworks */,
				530BECEE19904C7700C5FDAB /* Resources */,
			);
			buildRules = (
			);
			dependencies = (
			);
			name = "Epic Vegas IV";
			productName = "Epic Vegas IV";
			productReference = 530BECF019904C7700C5FDAB /* Epic Vegas IV.app */;
			productType = "com.apple.product-type.application";
		};
		530BED0A19904C7700C5FDAB /* Epic Vegas IVTests */ = {
			isa = PBXNativeTarget;
			buildConfigurationList = 530BED1F19904C7700C5FDAB /* Build configuration list for PBXNativeTarget "Epic Vegas IVTests" */;
			buildPhases = (
				530BED0719904C7700C5FDAB /* Sources */,
				530BED0819904C7700C5FDAB /* Frameworks */,
				530BED0919904C7700C5FDAB /* Resources */,
			);
			buildRules = (
			);
			dependencies = (
				530BED1119904C7700C5FDAB /* PBXTargetDependency */,
			);
			name = "Epic Vegas IVTests";
			productName = "Epic Vegas IVTests";
			productReference = 530BED0B19904C7700C5FDAB /* Epic Vegas IVTests.xctest */;
			productType = "com.apple.product-type.bundle.unit-test";
		};
/* End PBXNativeTarget section */

/* Begin PBXProject section */
		530BECE819904C7700C5FDAB /* Project object */ = {
			isa = PBXProject;
			attributes = {
				LastUpgradeCheck = 0510;
				ORGANIZATIONNAME = "Zach Kohl";
				TargetAttributes = {
					530BECEF19904C7700C5FDAB = {
						DevelopmentTeam = GEZH3Y57UY;
					};
					530BED0A19904C7700C5FDAB = {
						TestTargetID = 530BECEF19904C7700C5FDAB;
					};
				};
			};
			buildConfigurationList = 530BECEB19904C7700C5FDAB /* Build configuration list for PBXProject "Epic Vegas IV" */;
			compatibilityVersion = "Xcode 3.2";
			developmentRegion = English;
			hasScannedForEncodings = 0;
			knownRegions = (
				en,
			);
			mainGroup = 530BECE719904C7700C5FDAB;
			productRefGroup = 530BECF119904C7700C5FDAB /* Products */;
			projectDirPath = "";
			projectRoot = "";
			targets = (
				530BECEF19904C7700C5FDAB /* Epic Vegas IV */,
				530BED0A19904C7700C5FDAB /* Epic Vegas IVTests */,
			);
		};
/* End PBXProject section */

/* Begin PBXResourcesBuildPhase section */
		530BECEE19904C7700C5FDAB /* Resources */ = {
			isa = PBXResourcesBuildPhase;
			buildActionMask = 2147483647;
			files = (
				5388ED5719957C2F002CA477 /* Location Black@2x.png in Resources */,
				530BED4119904FA500C5FDAB /* Main.storyboard in Resources */,
				53966CE41992F68900E822DE /* person@2x.png in Resources */,
				53165F5B1991C9FB0014695B /* full__0000s_0104_user@2x.png in Resources */,
				53966CE31992F68900E822DE /* person.png in Resources */,
				53D2D19519917C62007197F6 /* line__0000s_0104_user@2x.png in Resources */,
				53966CCC1992DF7300E822DE /* Add Red Icon@2x.png in Resources */,
				53165F741991E1B70014695B /* full__0000s_0105_mail@2x.png in Resources */,
				53A19F9C1994846E008DF739 /* Location@2x.png in Resources */,
				53966CCA1992D26700E822DE /* Add Full Icon@2x.png in Resources */,
				53A19F9219948176008DF739 /* Settings@2x.png in Resources */,
				53A19F7A19944BB6008DF739 /* Quotes 60@2x.png in Resources */,
				530BECFE19904C7700C5FDAB /* InfoPlist.strings in Resources */,
				5388ED4D1995741A002CA477 /* All Images@2x.png in Resources */,
				53D2D19719917C72007197F6 /* line__0000s_0092_map@2x.png in Resources */,
				53EFEAE51995EC24006798C3 /* Write Text 60@2x.png in Resources */,
				53165F5F1991CF730014695B /* Add Icon@2x.png in Resources */,
				53165F6E1991E0920014695B /* Tab Bar Separators@2x.png in Resources */,
				53966CB91992972D00E822DE /* Close Icon@2x.png in Resources */,
				53966CE61992F6B900E822DE /* full__0000s_0122_camera@2x.png in Resources */,
				53165F761991E25C0014695B /* full__0000s_0101_drawer@2x.png in Resources */,
				53165F781991E2870014695B /* full__0000s_0092_map@2x.png in Resources */,
				53165F721991E1810014695B /* full__0000s_0000_news-paper@2x.png in Resources */,
				53966CD91992F5F200E822DE /* 112-group.png in Resources */,
				53A19F94199481E6008DF739 /* Favorites@2x.png in Resources */,
				53966CD41992F5C800E822DE /* Subscriptions.png in Resources */,
				53966CDC1992F60700E822DE /* action.png in Resources */,
				53966CEA1992F6DE00E822DE /* quote.png in Resources */,
				53D2D1A619918D75007197F6 /* DS-DIGIT.ttf in Resources */,
				53165F701991E15B0014695B /* full__0000s_0032_home@2x.png in Resources */,
				5346127F1995F9E000530770 /* Settings 44@2x.png in Resources */,
				53966CDE1992F60C00E822DE /* action@2x.png in Resources */,
				53D2D19119906597007197F6 /* FB-f-Logo__white_50@2x.png in Resources */,
				53966CD11992F5C800E822DE /* 15-tags.png in Resources */,
				53966CE01992F67400E822DE /* message.png in Resources */,
				53A19F7819943C68008DF739 /* Location 60@2x.png in Resources */,
				53A19F7619943B4F008DF739 /* Camera 60@2x.png in Resources */,
				53D2D19919918563007197F6 /* marquee-las-vegas@2x.jpg in Resources */,
				53966CD21992F5C800E822DE /* 28-star.png in Resources */,
				530BED0619904C7700C5FDAB /* Images.xcassets in Resources */,
				53A19F9E199484DD008DF739 /* Map@2x.png in Resources */,
				53966CD61992F5E600E822DE /* 29-heart@2x.png in Resources */,
				53165F5D1991CCE30014695B /* News Feed Icon@2x.png in Resources */,
				53966CD31992F5C800E822DE /* 111-user.png in Resources */,
				53165F501991C1F20014695B /* Epic Vegas Nav Bar Title@2x.png in Resources */,
				53966CDA1992F5F200E822DE /* 112-group@2x.png in Resources */,
			);
			runOnlyForDeploymentPostprocessing = 0;
		};
		530BED0919904C7700C5FDAB /* Resources */ = {
			isa = PBXResourcesBuildPhase;
			buildActionMask = 2147483647;
			files = (
				530BED1719904C7700C5FDAB /* InfoPlist.strings in Resources */,
			);
			runOnlyForDeploymentPostprocessing = 0;
		};
/* End PBXResourcesBuildPhase section */

/* Begin PBXSourcesBuildPhase section */
		530BECEC19904C7700C5FDAB /* Sources */ = {
			isa = PBXSourcesBuildPhase;
			buildActionMask = 2147483647;
			files = (
				5388ED5A19958A96002CA477 /* NewsFeedViewController.m in Sources */,
				530BED0419904C7700C5FDAB /* AppDelegate.m in Sources */,
				530BED0019904C7700C5FDAB /* main.m in Sources */,
				53EFEAAE1995B1D8006798C3 /* UIImage+ResizeAdditions.m in Sources */,
				53EFEAE01995C827006798C3 /* TTTTimeIntervalFormatter.m in Sources */,
				53EFEABB1995B2EA006798C3 /* Constants.m in Sources */,
				53EFEAAF1995B1D8006798C3 /* UIImage+RoundedCornerAdditions.m in Sources */,
				53EFEAC11995B3C2006798C3 /* Cache.m in Sources */,
				53165F621991D04E0014695B /* TabBarController.m in Sources */,
				53EFEAC41995B493006798C3 /* Utility.m in Sources */,
				53EFEADF1995C827006798C3 /* Reachability.m in Sources */,
				53A19F8C199466C1008DF739 /* PostToFeedViewController.m in Sources */,
				5343387119960FAF00A48326 /* NewsFeedTableViewController.m in Sources */,
				532B1646199059DE00C4851F /* ProfileViewController.m in Sources */,
				53EFEAE11995C827006798C3 /* UIImage+ImageEffects.m in Sources */,
				53EFEAAD1995B1D8006798C3 /* UIImage+AlphaAdditions.m in Sources */,
				530BED44199052FF00C5FDAB /* LoginViewController.m in Sources */,
			);
			runOnlyForDeploymentPostprocessing = 0;
		};
		530BED0719904C7700C5FDAB /* Sources */ = {
			isa = PBXSourcesBuildPhase;
			buildActionMask = 2147483647;
			files = (
				530BED1919904C7700C5FDAB /* Epic_Vegas_IVTests.m in Sources */,
			);
			runOnlyForDeploymentPostprocessing = 0;
		};
/* End PBXSourcesBuildPhase section */

/* Begin PBXTargetDependency section */
		530BED1119904C7700C5FDAB /* PBXTargetDependency */ = {
			isa = PBXTargetDependency;
			target = 530BECEF19904C7700C5FDAB /* Epic Vegas IV */;
			targetProxy = 530BED1019904C7700C5FDAB /* PBXContainerItemProxy */;
		};
/* End PBXTargetDependency section */

/* Begin PBXVariantGroup section */
		530BECFC19904C7700C5FDAB /* InfoPlist.strings */ = {
			isa = PBXVariantGroup;
			children = (
				530BECFD19904C7700C5FDAB /* en */,
			);
			name = InfoPlist.strings;
			sourceTree = "<group>";
		};
		530BED1519904C7700C5FDAB /* InfoPlist.strings */ = {
			isa = PBXVariantGroup;
			children = (
				530BED1619904C7700C5FDAB /* en */,
			);
			name = InfoPlist.strings;
			sourceTree = "<group>";
		};
/* End PBXVariantGroup section */

/* Begin XCBuildConfiguration section */
		530BED1A19904C7700C5FDAB /* Debug */ = {
			isa = XCBuildConfiguration;
			buildSettings = {
				ALWAYS_SEARCH_USER_PATHS = NO;
				CLANG_CXX_LANGUAGE_STANDARD = "gnu++0x";
				CLANG_CXX_LIBRARY = "libc++";
				CLANG_ENABLE_MODULES = YES;
				CLANG_ENABLE_OBJC_ARC = YES;
				CLANG_WARN_BOOL_CONVERSION = YES;
				CLANG_WARN_CONSTANT_CONVERSION = YES;
				CLANG_WARN_DIRECT_OBJC_ISA_USAGE = YES_ERROR;
				CLANG_WARN_EMPTY_BODY = YES;
				CLANG_WARN_ENUM_CONVERSION = YES;
				CLANG_WARN_INT_CONVERSION = YES;
				CLANG_WARN_OBJC_ROOT_CLASS = YES_ERROR;
				CLANG_WARN__DUPLICATE_METHOD_MATCH = YES;
				"CODE_SIGN_IDENTITY[sdk=iphoneos*]" = "iPhone Developer";
				COPY_PHASE_STRIP = NO;
				GCC_C_LANGUAGE_STANDARD = gnu99;
				GCC_DYNAMIC_NO_PIC = NO;
				GCC_OPTIMIZATION_LEVEL = 0;
				GCC_PREPROCESSOR_DEFINITIONS = (
					"DEBUG=1",
					"$(inherited)",
				);
				GCC_SYMBOLS_PRIVATE_EXTERN = NO;
				GCC_WARN_64_TO_32_BIT_CONVERSION = YES;
				GCC_WARN_ABOUT_RETURN_TYPE = YES_ERROR;
				GCC_WARN_UNDECLARED_SELECTOR = YES;
				GCC_WARN_UNINITIALIZED_AUTOS = YES_AGGRESSIVE;
				GCC_WARN_UNUSED_FUNCTION = YES;
				GCC_WARN_UNUSED_VARIABLE = YES;
				IPHONEOS_DEPLOYMENT_TARGET = 7.1;
				ONLY_ACTIVE_ARCH = YES;
				PROVISIONING_PROFILE = "F90E8177-4BE5-4C87-9BE3-1F65150D41DF";
				SDKROOT = iphoneos;
			};
			name = Debug;
		};
		530BED1B19904C7700C5FDAB /* Release */ = {
			isa = XCBuildConfiguration;
			buildSettings = {
				ALWAYS_SEARCH_USER_PATHS = NO;
				CLANG_CXX_LANGUAGE_STANDARD = "gnu++0x";
				CLANG_CXX_LIBRARY = "libc++";
				CLANG_ENABLE_MODULES = YES;
				CLANG_ENABLE_OBJC_ARC = YES;
				CLANG_WARN_BOOL_CONVERSION = YES;
				CLANG_WARN_CONSTANT_CONVERSION = YES;
				CLANG_WARN_DIRECT_OBJC_ISA_USAGE = YES_ERROR;
				CLANG_WARN_EMPTY_BODY = YES;
				CLANG_WARN_ENUM_CONVERSION = YES;
				CLANG_WARN_INT_CONVERSION = YES;
				CLANG_WARN_OBJC_ROOT_CLASS = YES_ERROR;
				CLANG_WARN__DUPLICATE_METHOD_MATCH = YES;
				"CODE_SIGN_IDENTITY[sdk=iphoneos*]" = "iPhone Developer";
				COPY_PHASE_STRIP = YES;
				ENABLE_NS_ASSERTIONS = NO;
				GCC_C_LANGUAGE_STANDARD = gnu99;
				GCC_WARN_64_TO_32_BIT_CONVERSION = YES;
				GCC_WARN_ABOUT_RETURN_TYPE = YES_ERROR;
				GCC_WARN_UNDECLARED_SELECTOR = YES;
				GCC_WARN_UNINITIALIZED_AUTOS = YES_AGGRESSIVE;
				GCC_WARN_UNUSED_FUNCTION = YES;
				GCC_WARN_UNUSED_VARIABLE = YES;
				IPHONEOS_DEPLOYMENT_TARGET = 7.1;
				PROVISIONING_PROFILE = "D5806E73-F1F4-44E3-8385-929AC88B0084";
				SDKROOT = iphoneos;
				VALIDATE_PRODUCT = YES;
			};
			name = Release;
		};
		530BED1D19904C7700C5FDAB /* Debug */ = {
			isa = XCBuildConfiguration;
			buildSettings = {
				ASSETCATALOG_COMPILER_APPICON_NAME = AppIcon;
				ASSETCATALOG_COMPILER_LAUNCHIMAGE_NAME = LaunchImage;
				CODE_SIGN_IDENTITY = "iPhone Developer";
				"CODE_SIGN_IDENTITY[sdk=iphoneos*]" = "iPhone Developer";
				FRAMEWORK_SEARCH_PATHS = (
					"$(inherited)",
					"$(PROJECT_DIR)",
				);
				GCC_PRECOMPILE_PREFIX_HEADER = YES;
				GCC_PREFIX_HEADER = "Epic Vegas IV/Epic Vegas IV-Prefix.pch";
				INFOPLIST_FILE = "Epic Vegas IV/Epic Vegas IV-Info.plist";
				IPHONEOS_DEPLOYMENT_TARGET = 7.0;
				OTHER_LDFLAGS = "-ObjC";
				PRODUCT_NAME = "$(TARGET_NAME)";
				PROVISIONING_PROFILE = "";
				WRAPPER_EXTENSION = app;
			};
			name = Debug;
		};
		530BED1E19904C7700C5FDAB /* Release */ = {
			isa = XCBuildConfiguration;
			buildSettings = {
				ASSETCATALOG_COMPILER_APPICON_NAME = AppIcon;
				ASSETCATALOG_COMPILER_LAUNCHIMAGE_NAME = LaunchImage;
				CODE_SIGN_IDENTITY = "iPhone Developer";
				"CODE_SIGN_IDENTITY[sdk=iphoneos*]" = "iPhone Developer";
				FRAMEWORK_SEARCH_PATHS = (
					"$(inherited)",
					"$(PROJECT_DIR)",
				);
				GCC_PRECOMPILE_PREFIX_HEADER = YES;
				GCC_PREFIX_HEADER = "Epic Vegas IV/Epic Vegas IV-Prefix.pch";
				INFOPLIST_FILE = "Epic Vegas IV/Epic Vegas IV-Info.plist";
				IPHONEOS_DEPLOYMENT_TARGET = 7.0;
				OTHER_LDFLAGS = "-ObjC";
				PRODUCT_NAME = "$(TARGET_NAME)";
				PROVISIONING_PROFILE = "";
				WRAPPER_EXTENSION = app;
			};
			name = Release;
		};
		530BED2019904C7700C5FDAB /* Debug */ = {
			isa = XCBuildConfiguration;
			buildSettings = {
				BUNDLE_LOADER = "$(BUILT_PRODUCTS_DIR)/Epic Vegas IV.app/Epic Vegas IV";
				FRAMEWORK_SEARCH_PATHS = (
					"$(SDKROOT)/Developer/Library/Frameworks",
					"$(inherited)",
					"$(DEVELOPER_FRAMEWORKS_DIR)",
				);
				GCC_PRECOMPILE_PREFIX_HEADER = YES;
				GCC_PREFIX_HEADER = "Epic Vegas IV/Epic Vegas IV-Prefix.pch";
				GCC_PREPROCESSOR_DEFINITIONS = (
					"DEBUG=1",
					"$(inherited)",
				);
				INFOPLIST_FILE = "Epic Vegas IVTests/Epic Vegas IVTests-Info.plist";
				PRODUCT_NAME = "$(TARGET_NAME)";
				TEST_HOST = "$(BUNDLE_LOADER)";
				WRAPPER_EXTENSION = xctest;
			};
			name = Debug;
		};
		530BED2119904C7700C5FDAB /* Release */ = {
			isa = XCBuildConfiguration;
			buildSettings = {
				BUNDLE_LOADER = "$(BUILT_PRODUCTS_DIR)/Epic Vegas IV.app/Epic Vegas IV";
				FRAMEWORK_SEARCH_PATHS = (
					"$(SDKROOT)/Developer/Library/Frameworks",
					"$(inherited)",
					"$(DEVELOPER_FRAMEWORKS_DIR)",
				);
				GCC_PRECOMPILE_PREFIX_HEADER = YES;
				GCC_PREFIX_HEADER = "Epic Vegas IV/Epic Vegas IV-Prefix.pch";
				INFOPLIST_FILE = "Epic Vegas IVTests/Epic Vegas IVTests-Info.plist";
				PRODUCT_NAME = "$(TARGET_NAME)";
				TEST_HOST = "$(BUNDLE_LOADER)";
				WRAPPER_EXTENSION = xctest;
			};
			name = Release;
		};
/* End XCBuildConfiguration section */

/* Begin XCConfigurationList section */
		530BECEB19904C7700C5FDAB /* Build configuration list for PBXProject "Epic Vegas IV" */ = {
			isa = XCConfigurationList;
			buildConfigurations = (
				530BED1A19904C7700C5FDAB /* Debug */,
				530BED1B19904C7700C5FDAB /* Release */,
			);
			defaultConfigurationIsVisible = 0;
			defaultConfigurationName = Release;
		};
		530BED1C19904C7700C5FDAB /* Build configuration list for PBXNativeTarget "Epic Vegas IV" */ = {
			isa = XCConfigurationList;
			buildConfigurations = (
				530BED1D19904C7700C5FDAB /* Debug */,
				530BED1E19904C7700C5FDAB /* Release */,
			);
			defaultConfigurationIsVisible = 0;
			defaultConfigurationName = Release;
		};
		530BED1F19904C7700C5FDAB /* Build configuration list for PBXNativeTarget "Epic Vegas IVTests" */ = {
			isa = XCConfigurationList;
			buildConfigurations = (
				530BED2019904C7700C5FDAB /* Debug */,
				530BED2119904C7700C5FDAB /* Release */,
			);
			defaultConfigurationIsVisible = 0;
			defaultConfigurationName = Release;
		};
/* End XCConfigurationList section */
	};
	rootObject = 530BECE819904C7700C5FDAB /* Project object */;
}
